
Microsoft Visual Studio Solution File, Format Version 12.00
# Visual Studio Version 17
VisualStudioVersion = 17.8.34408.163
MinimumVisualStudioVersion = 10.0.40219.1
Project("{9A19103F-16F7-4668-BE54-9A1E7A4F7556}") = "StrategyGameRunner", "StrategyGameRunner\StrategyGameRunner.csproj", "{F08BDAE5-ED88-4FFA-B07D-AEA221F570B4}"
	ProjectSection(ProjectDependencies) = postProject
		{F48C2F3D-2CE2-49E7-AD6F-354C076CD8B1} = {F48C2F3D-2CE2-49E7-AD6F-354C076CD8B1}
	EndProjectSection
EndProject
Project("{9A19103F-16F7-4668-BE54-9A1E7A4F7556}") = "Shared", "Shared\Shared.csproj", "{B9B746BF-852F-46D8-81BA-C9DEA3D860A5}"
EndProject
Project("{9A19103F-16F7-4668-BE54-9A1E7A4F7556}") = "CSharpRunner", "CSharpRunner\CSharpRunner.csproj", "{F48C2F3D-2CE2-49E7-AD6F-354C076CD8B1}"
EndProject
Global
	GlobalSection(SolutionConfigurationPlatforms) = preSolution
		Debug|Any CPU = Debug|Any CPU
		Release|Any CPU = Release|Any CPU
	EndGlobalSection
	GlobalSection(ProjectConfigurationPlatforms) = postSolution
		{F08BDAE5-ED88-4FFA-B07D-AEA221F570B4}.Debug|Any CPU.ActiveCfg = Debug|Any CPU
		{F08BDAE5-ED88-4FFA-B07D-AEA221F570B4}.Debug|Any CPU.Build.0 = Debug|Any CPU
		{F08BDAE5-ED88-4FFA-B07D-AEA221F570B4}.Release|Any CPU.ActiveCfg = Release|Any CPU
		{F08BDAE5-ED88-4FFA-B07D-AEA221F570B4}.Release|Any CPU.Build.0 = Release|Any CPU
		{B9B746BF-852F-46D8-81BA-C9DEA3D860A5}.Debug|Any CPU.ActiveCfg = Debug|Any CPU
		{B9B746BF-852F-46D8-81BA-C9DEA3D860A5}.Debug|Any CPU.Build.0 = Debug|Any CPU
		{B9B746BF-852F-46D8-81BA-C9DEA3D860A5}.Release|Any CPU.ActiveCfg = Release|Any CPU
		{B9B746BF-852F-46D8-81BA-C9DEA3D860A5}.Release|Any CPU.Build.0 = Release|Any CPU
		{F48C2F3D-2CE2-49E7-AD6F-354C076CD8B1}.Debug|Any CPU.ActiveCfg = Debug|Any CPU
		{F48C2F3D-2CE2-49E7-AD6F-354C076CD8B1}.Debug|Any CPU.Build.0 = Debug|Any CPU
		{F48C2F3D-2CE2-49E7-AD6F-354C076CD8B1}.Release|Any CPU.ActiveCfg = Release|Any CPU
		{F48C2F3D-2CE2-49E7-AD6F-354C076CD8B1}.Release|Any CPU.Build.0 = Release|Any CPU
	EndGlobalSection
	GlobalSection(SolutionProperties) = preSolution
		HideSolutionNode = FALSE
	EndGlobalSection
	GlobalSection(ExtensibilityGlobals) = postSolution
		SolutionGuid = {FADDFD7E-BF95-4DDC-9CC0-671F4160EA1E}
	EndGlobalSection
EndGlobal
